
Microsoft Visual Studio Solution File, Format Version 12.00
# Visual Studio Version 16
VisualStudioVersion = 16.0.31410.357
MinimumVisualStudioVersion = 10.0.40219.1
Project("{FAE04EC0-301F-11D3-BF4B-00C04F79EFBC}") = "IdentityServer4Service", "IdentityServer4Service\IdentityServer4Service.csproj", "{4DE7858E-5BFF-46DD-968C-BCB813BB9F54}"
EndProject
Project("{FAE04EC0-301F-11D3-BF4B-00C04F79EFBC}") = "IdentityServer4.API", "IdentityServer4.API\IdentityServer4.API.csproj", "{2DD35F25-1F68-4069-8664-B8DC366D3B63}"
EndProject
Global
	GlobalSection(SolutionConfigurationPlatforms) = preSolution
		Debug|Any CPU = Debug|Any CPU
		Release|Any CPU = Release|Any CPU
	EndGlobalSection
	GlobalSection(ProjectConfigurationPlatforms) = postSolution
		{4DE7858E-5BFF-46DD-968C-BCB813BB9F54}.Debug|Any CPU.ActiveCfg = Debug|Any CPU
		{4DE7858E-5BFF-46DD-968C-BCB813BB9F54}.Debug|Any CPU.Build.0 = Debug|Any CPU
		{4DE7858E-5BFF-46DD-968C-BCB813BB9F54}.Release|Any CPU.ActiveCfg = Release|Any CPU
		{4DE7858E-5BFF-46DD-968C-BCB813BB9F54}.Release|Any CPU.Build.0 = Release|Any CPU
		{2DD35F25-1F68-4069-8664-B8DC366D3B63}.Debug|Any CPU.ActiveCfg = Debug|Any CPU
		{2DD35F25-1F68-4069-8664-B8DC366D3B63}.Debug|Any CPU.Build.0 = Debug|Any CPU
		{2DD35F25-1F68-4069-8664-B8DC366D3B63}.Release|Any CPU.ActiveCfg = Release|Any CPU
		{2DD35F25-1F68-4069-8664-B8DC366D3B63}.Release|Any CPU.Build.0 = Release|Any CPU
	EndGlobalSection
	GlobalSection(SolutionProperties) = preSolution
		HideSolutionNode = FALSE
	EndGlobalSection
	GlobalSection(ExtensibilityGlobals) = postSolution
		SolutionGuid = {73EE6503-9EB8-4163-9F2D-D8F08B929142}
	EndGlobalSection
EndGlobal
